
Microsoft Visual Studio Solution File, Format Version 12.00
# Visual Studio Version 17
VisualStudioVersion = 17.6.33723.286
MinimumVisualStudioVersion = 10.0.40219.1
Project("{FAE04EC0-301F-11D3-BF4B-00C04F79EFBC}") = "MathLibrary", "MathLibrary\MathLibrary.csproj", "{6E67EBF5-F347-474B-9321-347365A2E2CA}"
EndProject
Project("{FAE04EC0-301F-11D3-BF4B-00C04F79EFBC}") = "MathMain", "MathMain\MathMain.csproj", "{4BFFAA03-297A-4A8D-A1D6-E59D592E2C59}"
EndProject
Global
	GlobalSection(SolutionConfigurationPlatforms) = preSolution
		Debug|Any CPU = Debug|Any CPU
		Release|Any CPU = Release|Any CPU
	EndGlobalSection
	GlobalSection(ProjectConfigurationPlatforms) = postSolution
		{6E67EBF5-F347-474B-9321-347365A2E2CA}.Debug|Any CPU.ActiveCfg = Debug|Any CPU
		{6E67EBF5-F347-474B-9321-347365A2E2CA}.Debug|Any CPU.Build.0 = Debug|Any CPU
		{6E67EBF5-F347-474B-9321-347365A2E2CA}.Release|Any CPU.ActiveCfg = Release|Any CPU
		{6E67EBF5-F347-474B-9321-347365A2E2CA}.Release|Any CPU.Build.0 = Release|Any CPU
		{4BFFAA03-297A-4A8D-A1D6-E59D592E2C59}.Debug|Any CPU.ActiveCfg = Debug|Any CPU
		{4BFFAA03-297A-4A8D-A1D6-E59D592E2C59}.Debug|Any CPU.Build.0 = Debug|Any CPU
		{4BFFAA03-297A-4A8D-A1D6-E59D592E2C59}.Release|Any CPU.ActiveCfg = Release|Any CPU
		{4BFFAA03-297A-4A8D-A1D6-E59D592E2C59}.Release|Any CPU.Build.0 = Release|Any CPU
	EndGlobalSection
	GlobalSection(SolutionProperties) = preSolution
		HideSolutionNode = FALSE
	EndGlobalSection
	GlobalSection(ExtensibilityGlobals) = postSolution
		SolutionGuid = {74C538E3-772B-4C44-842D-41E7CADEA0A7}
	EndGlobalSection
EndGlobal
